
Microsoft Visual Studio Solution File, Format Version 12.00
# Visual Studio Version 17
VisualStudioVersion = 17.9.34723.18
MinimumVisualStudioVersion = 10.0.40219.1
Project("{9A19103F-16F7-4668-BE54-9A1E7A4F7556}") = "SubjectLift", "SubjectLift\SubjectLift.csproj", "{8AE8B8B4-7726-4CA5-8F51-BC88A71DDF3B}"
EndProject
Project("{9A19103F-16F7-4668-BE54-9A1E7A4F7556}") = "SubjectLift.Desktop", "SubjectLift.Desktop\SubjectLift.Desktop.csproj", "{1ED522CA-9BE3-4CBA-BA10-FEA34D7A40E8}"
EndProject
Global
	GlobalSection(SolutionConfigurationPlatforms) = preSolution
		Debug|Any CPU = Debug|Any CPU
		Release|Any CPU = Release|Any CPU
	EndGlobalSection
	GlobalSection(ProjectConfigurationPlatforms) = postSolution
		{8AE8B8B4-7726-4CA5-8F51-BC88A71DDF3B}.Debug|Any CPU.ActiveCfg = Debug|Any CPU
		{8AE8B8B4-7726-4CA5-8F51-BC88A71DDF3B}.Debug|Any CPU.Build.0 = Debug|Any CPU
		{8AE8B8B4-7726-4CA5-8F51-BC88A71DDF3B}.Release|Any CPU.ActiveCfg = Release|Any CPU
		{8AE8B8B4-7726-4CA5-8F51-BC88A71DDF3B}.Release|Any CPU.Build.0 = Release|Any CPU
		{1ED522CA-9BE3-4CBA-BA10-FEA34D7A40E8}.Debug|Any CPU.ActiveCfg = Debug|Any CPU
		{1ED522CA-9BE3-4CBA-BA10-FEA34D7A40E8}.Debug|Any CPU.Build.0 = Debug|Any CPU
		{1ED522CA-9BE3-4CBA-BA10-FEA34D7A40E8}.Release|Any CPU.ActiveCfg = Release|Any CPU
		{1ED522CA-9BE3-4CBA-BA10-FEA34D7A40E8}.Release|Any CPU.Build.0 = Release|Any CPU
	EndGlobalSection
	GlobalSection(SolutionProperties) = preSolution
		HideSolutionNode = FALSE
	EndGlobalSection
	GlobalSection(ExtensibilityGlobals) = postSolution
		SolutionGuid = {A2FE032F-F477-457F-9413-8C02E251A426}
	EndGlobalSection
EndGlobal
